Microsoft Visual Studio Solution File, Format Version 12.00
# Visual Studio 15
VisualStudioVersion = 15.0.27130.0
MinimumVisualStudioVersion = 15.0.26124.0
Project("{2150E333-8FDC-42A3-9474-1A3956D46DE8}") = "src", "src", "{DA0C366B-0B0C-4993-A6A3-A398836AD255}"
EndProject
Project("{6EC3EE1D-3C4E-46DD-8F32-0CC8E7565705}") = "day01.lib", "src\day01.lib\day01.lib.fsproj", "{17C79E7D-5629-4208-B709-F92D56105D3C}"
EndProject
Project("{6EC3EE1D-3C4E-46DD-8F32-0CC8E7565705}") = "day01.tests", "src\day01.tests\day01.tests.fsproj", "{7E50C95A-2CE5-40C9-88DC-84A743708351}"
EndProject
Project("{6EC3EE1D-3C4E-46DD-8F32-0CC8E7565705}") = "day01.app", "src\day01.app\day01.app.fsproj", "{C89FEDAC-DA5C-439F-B348-E3767A2A7E64}"
EndProject
Project("{6EC3EE1D-3C4E-46DD-8F32-0CC8E7565705}") = "day02.app", "src\day02.app\day02.app.fsproj", "{73EC0C69-4189-41D0-8A88-E291C498541D}"
EndProject
Project("{6EC3EE1D-3C4E-46DD-8F32-0CC8E7565705}") = "day03.app", "src\day03.app\day03.app.fsproj", "{10DB4A51-87A0-46A9-8B1A-A8AC124DEE77}"
EndProject
Project("{6EC3EE1D-3C4E-46DD-8F32-0CC8E7565705}") = "day05.app", "src\day05.app\day05.app.fsproj", "{09DEA067-A35A-4232-82BC-A234F1FAAE4A}"
EndProject
Project("{F2A71F9B-5D33-465A-A702-920D77279786}") = "day06.app", "src\day06.app\day06.app.fsproj", "{30789D1A-AB6A-4D54-ADD8-4C7171BA1C65}"
EndProject
Project("{F2A71F9B-5D33-465A-A702-920D77279786}") = "day07.app", "src\day07.app\day07.app.fsproj", "{3D13F433-73F7-4D65-AC98-0AD88630BA1F}"
EndProject
Project("{F2A71F9B-5D33-465A-A702-920D77279786}") = "day08.app", "src\day08.app\day08.app.fsproj", "{89CFCD08-9BCD-4EC4-9B26-E5EB26E68E20}"
EndProject
Project("{F2A71F9B-5D33-465A-A702-920D77279786}") = "day09.app", "src\day09.app\day09.app.fsproj", "{97F0B307-9D9C-46A8-B11C-8E68CB4B8B0C}"
EndProject
Global
	GlobalSection(SolutionConfigurationPlatforms) = preSolution
		Debug|Any CPU = Debug|Any CPU
		Debug|x64 = Debug|x64
		Debug|x86 = Debug|x86
		Release|Any CPU = Release|Any CPU
		Release|x64 = Release|x64
		Release|x86 = Release|x86
	EndGlobalSection
	GlobalSection(ProjectConfigurationPlatforms) = postSolution
		{17C79E7D-5629-4208-B709-F92D56105D3C}.Debug|Any CPU.ActiveCfg = Debug|Any CPU
		{17C79E7D-5629-4208-B709-F92D56105D3C}.Debug|Any CPU.Build.0 = Debug|Any CPU
		{17C79E7D-5629-4208-B709-F92D56105D3C}.Debug|x64.ActiveCfg = Debug|Any CPU
		{17C79E7D-5629-4208-B709-F92D56105D3C}.Debug|x64.Build.0 = Debug|Any CPU
		{17C79E7D-5629-4208-B709-F92D56105D3C}.Debug|x86.ActiveCfg = Debug|Any CPU
		{17C79E7D-5629-4208-B709-F92D56105D3C}.Debug|x86.Build.0 = Debug|Any CPU
		{17C79E7D-5629-4208-B709-F92D56105D3C}.Release|Any CPU.ActiveCfg = Release|Any CPU
		{17C79E7D-5629-4208-B709-F92D56105D3C}.Release|Any CPU.Build.0 = Release|Any CPU
		{17C79E7D-5629-4208-B709-F92D56105D3C}.Release|x64.ActiveCfg = Release|Any CPU
		{17C79E7D-5629-4208-B709-F92D56105D3C}.Release|x64.Build.0 = Release|Any CPU
		{17C79E7D-5629-4208-B709-F92D56105D3C}.Release|x86.ActiveCfg = Release|Any CPU
		{17C79E7D-5629-4208-B709-F92D56105D3C}.Release|x86.Build.0 = Release|Any CPU
		{7E50C95A-2CE5-40C9-88DC-84A743708351}.Debug|Any CPU.ActiveCfg = Debug|Any CPU
		{7E50C95A-2CE5-40C9-88DC-84A743708351}.Debug|Any CPU.Build.0 = Debug|Any CPU
		{7E50C95A-2CE5-40C9-88DC-84A743708351}.Debug|x64.ActiveCfg = Debug|Any CPU
		{7E50C95A-2CE5-40C9-88DC-84A743708351}.Debug|x64.Build.0 = Debug|Any CPU
		{7E50C95A-2CE5-40C9-88DC-84A743708351}.Debug|x86.ActiveCfg = Debug|Any CPU
		{7E50C95A-2CE5-40C9-88DC-84A743708351}.Debug|x86.Build.0 = Debug|Any CPU
		{7E50C95A-2CE5-40C9-88DC-84A743708351}.Release|Any CPU.ActiveCfg = Release|Any CPU
		{7E50C95A-2CE5-40C9-88DC-84A743708351}.Release|Any CPU.Build.0 = Release|Any CPU
		{7E50C95A-2CE5-40C9-88DC-84A743708351}.Release|x64.ActiveCfg = Release|Any CPU
		{7E50C95A-2CE5-40C9-88DC-84A743708351}.Release|x64.Build.0 = Release|Any CPU
		{7E50C95A-2CE5-40C9-88DC-84A743708351}.Release|x86.ActiveCfg = Release|Any CPU
		{7E50C95A-2CE5-40C9-88DC-84A743708351}.Release|x86.Build.0 = Release|Any CPU
		{C89FEDAC-DA5C-439F-B348-E3767A2A7E64}.Debug|Any CPU.ActiveCfg = Debug|Any CPU
		{C89FEDAC-DA5C-439F-B348-E3767A2A7E64}.Debug|Any CPU.Build.0 = Debug|Any CPU
		{C89FEDAC-DA5C-439F-B348-E3767A2A7E64}.Debug|x64.ActiveCfg = Debug|Any CPU
		{C89FEDAC-DA5C-439F-B348-E3767A2A7E64}.Debug|x64.Build.0 = Debug|Any CPU
		{C89FEDAC-DA5C-439F-B348-E3767A2A7E64}.Debug|x86.ActiveCfg = Debug|Any CPU
		{C89FEDAC-DA5C-439F-B348-E3767A2A7E64}.Debug|x86.Build.0 = Debug|Any CPU
		{C89FEDAC-DA5C-439F-B348-E3767A2A7E64}.Release|Any CPU.ActiveCfg = Release|Any CPU
		{C89FEDAC-DA5C-439F-B348-E3767A2A7E64}.Release|Any CPU.Build.0 = Release|Any CPU
		{C89FEDAC-DA5C-439F-B348-E3767A2A7E64}.Release|x64.ActiveCfg = Release|Any CPU
		{C89FEDAC-DA5C-439F-B348-E3767A2A7E64}.Release|x64.Build.0 = Release|Any CPU
		{C89FEDAC-DA5C-439F-B348-E3767A2A7E64}.Release|x86.ActiveCfg = Release|Any CPU
		{C89FEDAC-DA5C-439F-B348-E3767A2A7E64}.Release|x86.Build.0 = Release|Any CPU
		{73EC0C69-4189-41D0-8A88-E291C498541D}.Debug|Any CPU.ActiveCfg = Debug|Any CPU
		{73EC0C69-4189-41D0-8A88-E291C498541D}.Debug|Any CPU.Build.0 = Debug|Any CPU
		{73EC0C69-4189-41D0-8A88-E291C498541D}.Debug|x64.ActiveCfg = Debug|Any CPU
		{73EC0C69-4189-41D0-8A88-E291C498541D}.Debug|x64.Build.0 = Debug|Any CPU
		{73EC0C69-4189-41D0-8A88-E291C498541D}.Debug|x86.ActiveCfg = Debug|Any CPU
		{73EC0C69-4189-41D0-8A88-E291C498541D}.Debug|x86.Build.0 = Debug|Any CPU
		{73EC0C69-4189-41D0-8A88-E291C498541D}.Release|Any CPU.ActiveCfg = Release|Any CPU
		{73EC0C69-4189-41D0-8A88-E291C498541D}.Release|Any CPU.Build.0 = Release|Any CPU
		{73EC0C69-4189-41D0-8A88-E291C498541D}.Release|x64.ActiveCfg = Release|Any CPU
		{73EC0C69-4189-41D0-8A88-E291C498541D}.Release|x64.Build.0 = Release|Any CPU
		{73EC0C69-4189-41D0-8A88-E291C498541D}.Release|x86.ActiveCfg = Release|Any CPU
		{73EC0C69-4189-41D0-8A88-E291C498541D}.Release|x86.Build.0 = Release|Any CPU
		{10DB4A51-87A0-46A9-8B1A-A8AC124DEE77}.Debug|Any CPU.ActiveCfg = Debug|Any CPU
		{10DB4A51-87A0-46A9-8B1A-A8AC124DEE77}.Debug|Any CPU.Build.0 = Debug|Any CPU
		{10DB4A51-87A0-46A9-8B1A-A8AC124DEE77}.Debug|x64.ActiveCfg = Debug|Any CPU
		{10DB4A51-87A0-46A9-8B1A-A8AC124DEE77}.Debug|x64.Build.0 = Debug|Any CPU
		{10DB4A51-87A0-46A9-8B1A-A8AC124DEE77}.Debug|x86.ActiveCfg = Debug|Any CPU
		{10DB4A51-87A0-46A9-8B1A-A8AC124DEE77}.Debug|x86.Build.0 = Debug|Any CPU
		{10DB4A51-87A0-46A9-8B1A-A8AC124DEE77}.Release|Any CPU.ActiveCfg = Release|Any CPU
		{10DB4A51-87A0-46A9-8B1A-A8AC124DEE77}.Release|Any CPU.Build.0 = Release|Any CPU
		{10DB4A51-87A0-46A9-8B1A-A8AC124DEE77}.Release|x64.ActiveCfg = Release|Any CPU
		{10DB4A51-87A0-46A9-8B1A-A8AC124DEE77}.Release|x64.Build.0 = Release|Any CPU
		{10DB4A51-87A0-46A9-8B1A-A8AC124DEE77}.Release|x86.ActiveCfg = Release|Any CPU
		{10DB4A51-87A0-46A9-8B1A-A8AC124DEE77}.Release|x86.Build.0 = Release|Any CPU
		{09DEA067-A35A-4232-82BC-A234F1FAAE4A}.Debug|Any CPU.ActiveCfg = Debug|Any CPU
		{09DEA067-A35A-4232-82BC-A234F1FAAE4A}.Debug|Any CPU.Build.0 = Debug|Any CPU
		{09DEA067-A35A-4232-82BC-A234F1FAAE4A}.Debug|x64.ActiveCfg = Debug|Any CPU
		{09DEA067-A35A-4232-82BC-A234F1FAAE4A}.Debug|x64.Build.0 = Debug|Any CPU
		{09DEA067-A35A-4232-82BC-A234F1FAAE4A}.Debug|x86.ActiveCfg = Debug|Any CPU
		{09DEA067-A35A-4232-82BC-A234F1FAAE4A}.Debug|x86.Build.0 = Debug|Any CPU
		{09DEA067-A35A-4232-82BC-A234F1FAAE4A}.Release|Any CPU.ActiveCfg = Release|Any CPU
		{09DEA067-A35A-4232-82BC-A234F1FAAE4A}.Release|Any CPU.Build.0 = Release|Any CPU
		{09DEA067-A35A-4232-82BC-A234F1FAAE4A}.Release|x64.ActiveCfg = Release|Any CPU
		{09DEA067-A35A-4232-82BC-A234F1FAAE4A}.Release|x64.Build.0 = Release|Any CPU
		{09DEA067-A35A-4232-82BC-A234F1FAAE4A}.Release|x86.ActiveCfg = Release|Any CPU
		{09DEA067-A35A-4232-82BC-A234F1FAAE4A}.Release|x86.Build.0 = Release|Any CPU
		{30789D1A-AB6A-4D54-ADD8-4C7171BA1C65}.Debug|Any CPU.ActiveCfg = Debug|Any CPU
		{30789D1A-AB6A-4D54-ADD8-4C7171BA1C65}.Debug|Any CPU.Build.0 = Debug|Any CPU
		{30789D1A-AB6A-4D54-ADD8-4C7171BA1C65}.Debug|x64.ActiveCfg = Debug|x64
		{30789D1A-AB6A-4D54-ADD8-4C7171BA1C65}.Debug|x64.Build.0 = Debug|x64
		{30789D1A-AB6A-4D54-ADD8-4C7171BA1C65}.Debug|x86.ActiveCfg = Debug|x86
		{30789D1A-AB6A-4D54-ADD8-4C7171BA1C65}.Debug|x86.Build.0 = Debug|x86
		{30789D1A-AB6A-4D54-ADD8-4C7171BA1C65}.Release|Any CPU.ActiveCfg = Release|Any CPU
		{30789D1A-AB6A-4D54-ADD8-4C7171BA1C65}.Release|Any CPU.Build.0 = Release|Any CPU
		{30789D1A-AB6A-4D54-ADD8-4C7171BA1C65}.Release|x64.ActiveCfg = Release|x64
		{30789D1A-AB6A-4D54-ADD8-4C7171BA1C65}.Release|x64.Build.0 = Release|x64
		{30789D1A-AB6A-4D54-ADD8-4C7171BA1C65}.Release|x86.ActiveCfg = Release|x86
		{30789D1A-AB6A-4D54-ADD8-4C7171BA1C65}.Release|x86.Build.0 = Release|x86
		{3D13F433-73F7-4D65-AC98-0AD88630BA1F}.Debug|Any CPU.ActiveCfg = Debug|Any CPU
		{3D13F433-73F7-4D65-AC98-0AD88630BA1F}.Debug|Any CPU.Build.0 = Debug|Any CPU
		{3D13F433-73F7-4D65-AC98-0AD88630BA1F}.Debug|x64.ActiveCfg = Debug|x64
		{3D13F433-73F7-4D65-AC98-0AD88630BA1F}.Debug|x64.Build.0 = Debug|x64
		{3D13F433-73F7-4D65-AC98-0AD88630BA1F}.Debug|x86.ActiveCfg = Debug|x86
		{3D13F433-73F7-4D65-AC98-0AD88630BA1F}.Debug|x86.Build.0 = Debug|x86
		{3D13F433-73F7-4D65-AC98-0AD88630BA1F}.Release|Any CPU.ActiveCfg = Release|Any CPU
		{3D13F433-73F7-4D65-AC98-0AD88630BA1F}.Release|Any CPU.Build.0 = Release|Any CPU
		{3D13F433-73F7-4D65-AC98-0AD88630BA1F}.Release|x64.ActiveCfg = Release|x64
		{3D13F433-73F7-4D65-AC98-0AD88630BA1F}.Release|x64.Build.0 = Release|x64
		{3D13F433-73F7-4D65-AC98-0AD88630BA1F}.Release|x86.ActiveCfg = Release|x86
		{3D13F433-73F7-4D65-AC98-0AD88630BA1F}.Release|x86.Build.0 = Release|x86
		{89CFCD08-9BCD-4EC4-9B26-E5EB26E68E20}.Debug|Any CPU.ActiveCfg = Debug|Any CPU
		{89CFCD08-9BCD-4EC4-9B26-E5EB26E68E20}.Debug|Any CPU.Build.0 = Debug|Any CPU
		{89CFCD08-9BCD-4EC4-9B26-E5EB26E68E20}.Debug|x64.ActiveCfg = Debug|x64
		{89CFCD08-9BCD-4EC4-9B26-E5EB26E68E20}.Debug|x64.Build.0 = Debug|x64
		{89CFCD08-9BCD-4EC4-9B26-E5EB26E68E20}.Debug|x86.ActiveCfg = Debug|x86
		{89CFCD08-9BCD-4EC4-9B26-E5EB26E68E20}.Debug|x86.Build.0 = Debug|x86
		{89CFCD08-9BCD-4EC4-9B26-E5EB26E68E20}.Release|Any CPU.ActiveCfg = Release|Any CPU
		{89CFCD08-9BCD-4EC4-9B26-E5EB26E68E20}.Release|Any CPU.Build.0 = Release|Any CPU
		{89CFCD08-9BCD-4EC4-9B26-E5EB26E68E20}.Release|x64.ActiveCfg = Release|x64
		{89CFCD08-9BCD-4EC4-9B26-E5EB26E68E20}.Release|x64.Build.0 = Release|x64
		{89CFCD08-9BCD-4EC4-9B26-E5EB26E68E20}.Release|x86.ActiveCfg = Release|x86
		{89CFCD08-9BCD-4EC4-9B26-E5EB26E68E20}.Release|x86.Build.0 = Release|x86
		{97F0B307-9D9C-46A8-B11C-8E68CB4B8B0C}.Debug|Any CPU.ActiveCfg = Debug|Any CPU
		{97F0B307-9D9C-46A8-B11C-8E68CB4B8B0C}.Debug|Any CPU.Build.0 = Debug|Any CPU
		{97F0B307-9D9C-46A8-B11C-8E68CB4B8B0C}.Debug|x64.ActiveCfg = Debug|x64
		{97F0B307-9D9C-46A8-B11C-8E68CB4B8B0C}.Debug|x64.Build.0 = Debug|x64
		{97F0B307-9D9C-46A8-B11C-8E68CB4B8B0C}.Debug|x86.ActiveCfg = Debug|x86
		{97F0B307-9D9C-46A8-B11C-8E68CB4B8B0C}.Debug|x86.Build.0 = Debug|x86
		{97F0B307-9D9C-46A8-B11C-8E68CB4B8B0C}.Release|Any CPU.ActiveCfg = Release|Any CPU
		{97F0B307-9D9C-46A8-B11C-8E68CB4B8B0C}.Release|Any CPU.Build.0 = Release|Any CPU
		{97F0B307-9D9C-46A8-B11C-8E68CB4B8B0C}.Release|x64.ActiveCfg = Release|x64
		{97F0B307-9D9C-46A8-B11C-8E68CB4B8B0C}.Release|x64.Build.0 = Release|x64
		{97F0B307-9D9C-46A8-B11C-8E68CB4B8B0C}.Release|x86.ActiveCfg = Release|x86
		{97F0B307-9D9C-46A8-B11C-8E68CB4B8B0C}.Release|x86.Build.0 = Release|x86
	EndGlobalSection
	GlobalSection(SolutionProperties) = preSolution
		HideSolutionNode = FALSE
	EndGlobalSection
	GlobalSection(NestedProjects) = preSolution
		{17C79E7D-5629-4208-B709-F92D56105D3C} = {DA0C366B-0B0C-4993-A6A3-A398836AD255}
		{7E50C95A-2CE5-40C9-88DC-84A743708351} = {DA0C366B-0B0C-4993-A6A3-A398836AD255}
		{C89FEDAC-DA5C-439F-B348-E3767A2A7E64} = {DA0C366B-0B0C-4993-A6A3-A398836AD255}
		{73EC0C69-4189-41D0-8A88-E291C498541D} = {DA0C366B-0B0C-4993-A6A3-A398836AD255}
		{10DB4A51-87A0-46A9-8B1A-A8AC124DEE77} = {DA0C366B-0B0C-4993-A6A3-A398836AD255}
		{09DEA067-A35A-4232-82BC-A234F1FAAE4A} = {DA0C366B-0B0C-4993-A6A3-A398836AD255}
		{30789D1A-AB6A-4D54-ADD8-4C7171BA1C65} = {DA0C366B-0B0C-4993-A6A3-A398836AD255}
		{3D13F433-73F7-4D65-AC98-0AD88630BA1F} = {DA0C366B-0B0C-4993-A6A3-A398836AD255}
		{89CFCD08-9BCD-4EC4-9B26-E5EB26E68E20} = {DA0C366B-0B0C-4993-A6A3-A398836AD255}
		{97F0B307-9D9C-46A8-B11C-8E68CB4B8B0C} = {DA0C366B-0B0C-4993-A6A3-A398836AD255}
	EndGlobalSection
	GlobalSection(ExtensibilityGlobals) = postSolution
		SolutionGuid = {710B7DAF-DD7A-42EE-99AB-14C12691FCFF}
	EndGlobalSection
EndGlobal
